// !$*UTF8*$!
{
	archiveVersion = 1;
	classes = {
	};
	objectVersion = 46;
	objects = {

/* Begin PBXBuildFile section */
		DB7CC5051C4BFA9900F9ECB8 /* ooVooUIKit.framework in Frameworks */ = {isa = PBXBuildFile; fileRef = DB7CC5041C4BFA9900F9ECB8 /* ooVooUIKit.framework */; };
		DBC193E71C43C57F00EEF60B /* ooVooUIKit.h in Headers */ = {isa = PBXBuildFile; fileRef = DBC193E61C43C57F00EEF60B /* ooVooUIKit.h */; settings = {ATTRIBUTES = (Public, ); }; };
		DBC1941F1C43CA5800EEF60B /* Message.h in Headers */ = {isa = PBXBuildFile; fileRef = DBC1941D1C43CA5800EEF60B /* Message.h */; settings = {ATTRIBUTES = (Public, ); }; };
		DBC194201C43CA5800EEF60B /* Message.m in Sources */ = {isa = PBXBuildFile; fileRef = DBC1941E1C43CA5800EEF60B /* Message.m */; };
		DBC194301C43CD4700EEF60B /* ooVooChatViewController.h in Headers */ = {isa = PBXBuildFile; fileRef = DBC1942D1C43CD4700EEF60B /* ooVooChatViewController.h */; };
		DBC194311C43CD4700EEF60B /* ooVooChatViewController.m in Sources */ = {isa = PBXBuildFile; fileRef = DBC1942E1C43CD4700EEF60B /* ooVooChatViewController.m */; };
		DBC194321C43CD4700EEF60B /* ooVooChatViewController.xib in Resources */ = {isa = PBXBuildFile; fileRef = DBC1942F1C43CD4700EEF60B /* ooVooChatViewController.xib */; };
/* End PBXBuildFile section */

/* Begin PBXFileReference section */
		DB7CC5041C4BFA9900F9ECB8 /* ooVooUIKit.framework */ = {isa = PBXFileReference; lastKnownFileType = wrapper.framework; path = ooVooUIKit.framework; sourceTree = "<group>"; };
		DBC193E31C43C57F00EEF60B /* ooVooUIKit.framework */ = {isa = PBXFileReference; explicitFileType = wrapper.framework; includeInIndex = 0; path = ooVooUIKit.framework; sourceTree = BUILT_PRODUCTS_DIR; };
		DBC193E61C43C57F00EEF60B /* ooVooUIKit.h */ = {isa = PBXFileReference; lastKnownFileType = sourcecode.c.h; path = ooVooUIKit.h; sourceTree = "<group>"; };
		DBC193E81C43C57F00EEF60B /* Info.plist */ = {isa = PBXFileReference; lastKnownFileType = text.plist.xml; path = Info.plist; sourceTree = "<group>"; };
		DBC1941D1C43CA5800EEF60B /* Message.h */ = {isa = PBXFileReference; fileEncoding = 4; lastKnownFileType = sourcecode.c.h; path = Message.h; sourceTree = "<group>"; };
		DBC1941E1C43CA5800EEF60B /* Message.m */ = {isa = PBXFileReference; fileEncoding = 4; lastKnownFileType = sourcecode.c.objc; path = Message.m; sourceTree = "<group>"; };
		DBC1942D1C43CD4700EEF60B /* ooVooChatViewController.h */ = {isa = PBXFileReference; fileEncoding = 4; lastKnownFileType = sourcecode.c.h; name = ooVooChatViewController.h; path = ooVooChatViewController/ooVooChatViewController.h; sourceTree = "<group>"; };
		DBC1942E1C43CD4700EEF60B /* ooVooChatViewController.m */ = {isa = PBXFileReference; fileEncoding = 4; lastKnownFileType = sourcecode.c.objc; name = ooVooChatViewController.m; path = ooVooChatViewController/ooVooChatViewController.m; sourceTree = "<group>"; };
		DBC1942F1C43CD4700EEF60B /* ooVooChatViewController.xib */ = {isa = PBXFileReference; fileEncoding = 4; lastKnownFileType = file.xib; name = ooVooChatViewController.xib; path = ooVooChatViewController/ooVooChatViewController.xib; sourceTree = "<group>"; };
/* End PBXFileReference section */

/* Begin PBXFrameworksBuildPhase section */
		DBC193DF1C43C57F00EEF60B /* Frameworks */ = {
			isa = PBXFrameworksBuildPhase;
			buildActionMask = 2147483647;
			files = (
				DB7CC5051C4BFA9900F9ECB8 /* ooVooUIKit.framework in Frameworks */,
			);
			runOnlyForDeploymentPostprocessing = 0;
		};
/* End PBXFrameworksBuildPhase section */

/* Begin PBXGroup section */
		DBC193D91C43C57F00EEF60B = {
			isa = PBXGroup;
			children = (
				DB7CC5041C4BFA9900F9ECB8 /* ooVooUIKit.framework */,
				DBC193E51C43C57F00EEF60B /* ooVooUIKit */,
				DBC193E41C43C57F00EEF60B /* Products */,
			);
			sourceTree = "<group>";
		};
		DBC193E41C43C57F00EEF60B /* Products */ = {
			isa = PBXGroup;
			children = (
				DBC193E31C43C57F00EEF60B /* ooVooUIKit.framework */,
			);
			name = Products;
			sourceTree = "<group>";
		};
		DBC193E51C43C57F00EEF60B /* ooVooUIKit */ = {
			isa = PBXGroup;
			children = (
				DBC194331C43CD4C00EEF60B /* ooVooChatViewController */,
				DBC1941D1C43CA5800EEF60B /* Message.h */,
				DBC1941E1C43CA5800EEF60B /* Message.m */,
				DBC193E61C43C57F00EEF60B /* ooVooUIKit.h */,
				DBC193E81C43C57F00EEF60B /* Info.plist */,
			);
			path = ooVooUIKit;
			sourceTree = "<group>";
		};
		DBC194331C43CD4C00EEF60B /* ooVooChatViewController */ = {
			isa = PBXGroup;
			children = (
				DBC1942D1C43CD4700EEF60B /* ooVooChatViewController.h */,
				DBC1942E1C43CD4700EEF60B /* ooVooChatViewController.m */,
				DBC1942F1C43CD4700EEF60B /* ooVooChatViewController.xib */,
			);
			name = ooVooChatViewController;
			sourceTree = "<group>";
		};
/* End PBXGroup section */

/* Begin PBXHeadersBuildPhase section */
		DBC193E01C43C57F00EEF60B /* Headers */ = {
			isa = PBXHeadersBuildPhase;
			buildActionMask = 2147483647;
			files = (
				DBC1941F1C43CA5800EEF60B /* Message.h in Headers */,
				DBC194301C43CD4700EEF60B /* ooVooChatViewController.h in Headers */,
				DBC193E71C43C57F00EEF60B /* ooVooUIKit.h in Headers */,
			);
			runOnlyForDeploymentPostprocessing = 0;
		};
/* End PBXHeadersBuildPhase section */

/* Begin PBXNativeTarget section */
		DBC193E21C43C57F00EEF60B /* ooVooUIKit */ = {
			isa = PBXNativeTarget;
			buildConfigurationList = DBC193EB1C43C57F00EEF60B /* Build configuration list for PBXNativeTarget "ooVooUIKit" */;
			buildPhases = (
				DBC193DE1C43C57F00EEF60B /* Sources */,
				DBC193DF1C43C57F00EEF60B /* Frameworks */,
				DBC193E01C43C57F00EEF60B /* Headers */,
				DBC193E11C43C57F00EEF60B /* Resources */,
				DB73D4721C4BDADC001F3430 /* ShellScript */,
			);
			buildRules = (
			);
			dependencies = (
			);
			name = ooVooUIKit;
			productName = ooVooUIKit;
			productReference = DBC193E31C43C57F00EEF60B /* ooVooUIKit.framework */;
			productType = "com.apple.product-type.framework";
		};
/* End PBXNativeTarget section */

/* Begin PBXProject section */
		DBC193DA1C43C57F00EEF60B /* Project object */ = {
			isa = PBXProject;
			attributes = {
				LastUpgradeCheck = 0720;
				ORGANIZATIONNAME = Udi;
				TargetAttributes = {
					DBC193E21C43C57F00EEF60B = {
						CreatedOnToolsVersion = 7.2;
					};
				};
			};
			buildConfigurationList = DBC193DD1C43C57F00EEF60B /* Build configuration list for PBXProject "ooVooUIKit" */;
			compatibilityVersion = "Xcode 3.2";
			developmentRegion = English;
			hasScannedForEncodings = 0;
			knownRegions = (
				en,
			);
			mainGroup = DBC193D91C43C57F00EEF60B;
			productRefGroup = DBC193E41C43C57F00EEF60B /* Products */;
			projectDirPath = "";
			projectRoot = "";
			targets = (
				DBC193E21C43C57F00EEF60B /* ooVooUIKit */,
			);
		};
/* End PBXProject section */

/* Begin PBXResourcesBuildPhase section */
		DBC193E11C43C57F00EEF60B /* Resources */ = {
			isa = PBXResourcesBuildPhase;
			buildActionMask = 2147483647;
			files = (
				DBC194321C43CD4700EEF60B /* ooVooChatViewController.xib in Resources */,
			);
			runOnlyForDeploymentPostprocessing = 0;
		};
/* End PBXResourcesBuildPhase section */

/* Begin PBXShellScriptBuildPhase section */
		DB73D4721C4BDADC001F3430 /* ShellScript */ = {
			isa = PBXShellScriptBuildPhase;
			buildActionMask = 2147483647;
			files = (
			);
			inputPaths = (
			);
			outputPaths = (
			);
			runOnlyForDeploymentPostprocessing = 0;
			shellPath = /bin/sh;
			shellScript = "set -e\nset +u\n# Avoid recursively calling this script.\nif [[ $SF_MASTER_SCRIPT_RUNNING ]]\nthen\nexit 0\nfi\nset -u\nexport SF_MASTER_SCRIPT_RUNNING=1\n\n\n# Constants\nSF_TARGET_NAME=${PROJECT_NAME}\nUNIVERSAL_OUTPUTFOLDER=${BUILD_DIR}/${CONFIGURATION}-universal\n\n# Take build target\nif [[ \"$SDK_NAME\" =~ ([A-Za-z]+) ]]\nthen\nSF_SDK_PLATFORM=${BASH_REMATCH[1]}\nelse\necho \"Could not find platform name from SDK_NAME: $SDK_NAME\"\nexit 1\nfi\n\nif [[ \"$SF_SDK_PLATFORM\" = \"iphoneos\" ]]\nthen\necho \"Please choose iPhone simulator as the build target.\"\nexit 1\nfi\n\nIPHONE_DEVICE_BUILD_DIR=${BUILD_DIR}/${CONFIGURATION}-iphoneos\n\n# Build the other (non-simulator) platform\nxcodebuild -project \"${PROJECT_FILE_PATH}\" -target \"${TARGET_NAME}\" -configuration \"${CONFIGURATION}\" -sdk iphoneos BUILD_DIR=\"${BUILD_DIR}\" OBJROOT=\"${OBJROOT}\" BUILD_ROOT=\"${BUILD_ROOT}\" CONFIGURATION_BUILD_DIR=\"${IPHONE_DEVICE_BUILD_DIR}/arm64\" SYMROOT=\"${SYMROOT}\" ARCHS='arm64' VALID_ARCHS='arm64' $ACTION\n\nxcodebuild -project \"${PROJECT_FILE_PATH}\" -target \"${TARGET_NAME}\" -configuration \"${CONFIGURATION}\" -sdk iphoneos BUILD_DIR=\"${BUILD_DIR}\" OBJROOT=\"${OBJROOT}\" BUILD_ROOT=\"${BUILD_ROOT}\"  CONFIGURATION_BUILD_DIR=\"${IPHONE_DEVICE_BUILD_DIR}/armv7\" SYMROOT=\"${SYMROOT}\" ARCHS='armv7 armv7s' VALID_ARCHS='armv7 armv7s' $ACTION\n\n# Copy the framework structure to the universal folder (clean it first)\nrm -rf \"${UNIVERSAL_OUTPUTFOLDER}\"\nmkdir -p \"${UNIVERSAL_OUTPUTFOLDER}\"\ncp -R \"${BUILD_DIR}/${CONFIGURATION}-iphonesimulator/${PROJECT_NAME}.framework\" \"${UNIVERSAL_OUTPUTFOLDER}/${PROJECT_NAME}.framework\"\n\n# Smash them together to combine all architectures\nlipo -create  \"${BUILD_DIR}/${CONFIGURATION}-iphonesimulator/${PROJECT_NAME}.framework/${PROJECT_NAME}\" \"${BUILD_DIR}/${CONFIGURATION}-iphoneos/arm64/${PROJECT_NAME}.framework/${PROJECT_NAME}\" \"${BUILD_DIR}/${CONFIGURATION}-iphoneos/armv7/${PROJECT_NAME}.framework/${PROJECT_NAME}\" -output \"${UNIVERSAL_OUTPUTFOLDER}/${PROJECT_NAME}.framework/${PROJECT_NAME}\"";
		};
/* End PBXShellScriptBuildPhase section */

/* Begin PBXSourcesBuildPhase section */
		DBC193DE1C43C57F00EEF60B /* Sources */ = {
			isa = PBXSourcesBuildPhase;
			buildActionMask = 2147483647;
			files = (
				DBC194201C43CA5800EEF60B /* Message.m in Sources */,
				DBC194311C43CD4700EEF60B /* ooVooChatViewController.m in Sources */,
			);
			runOnlyForDeploymentPostprocessing = 0;
		};
/* End PBXSourcesBuildPhase section */

/* Begin XCBuildConfiguration section */
		DBC193E91C43C57F00EEF60B /* Debug */ = {
			isa = XCBuildConfiguration;
			buildSettings = {
				ALWAYS_SEARCH_USER_PATHS = NO;
				CLANG_CXX_LANGUAGE_STANDARD = "gnu++0x";
				CLANG_CXX_LIBRARY = "libc++";
				CLANG_ENABLE_MODULES = YES;
				CLANG_ENABLE_OBJC_ARC = YES;
				CLANG_WARN_BOOL_CONVERSION = YES;
				CLANG_WARN_CONSTANT_CONVERSION = YES;
				CLANG_WARN_DIRECT_OBJC_ISA_USAGE = YES_ERROR;
				CLANG_WARN_EMPTY_BODY = YES;
				CLANG_WARN_ENUM_CONVERSION = YES;
				CLANG_WARN_INT_CONVERSION = YES;
				CLANG_WARN_OBJC_ROOT_CLASS = YES_ERROR;
				CLANG_WARN_UNREACHABLE_CODE = YES;
				CLANG_WARN__DUPLICATE_METHOD_MATCH = YES;
				"CODE_SIGN_IDENTITY[sdk=iphoneos*]" = "iPhone Developer";
				COPY_PHASE_STRIP = NO;
				CURRENT_PROJECT_VERSION = 1;
				DEBUG_INFORMATION_FORMAT = dwarf;
				ENABLE_STRICT_OBJC_MSGSEND = YES;
				ENABLE_TESTABILITY = YES;
				GCC_C_LANGUAGE_STANDARD = gnu99;
				GCC_DYNAMIC_NO_PIC = NO;
				GCC_NO_COMMON_BLOCKS = YES;
				GCC_OPTIMIZATION_LEVEL = 0;
				GCC_PREPROCESSOR_DEFINITIONS = (
					"DEBUG=1",
					"$(inherited)",
				);
				GCC_WARN_64_TO_32_BIT_CONVERSION = YES;
				GCC_WARN_ABOUT_RETURN_TYPE = YES_ERROR;
				GCC_WARN_UNDECLARED_SELECTOR = YES;
				GCC_WARN_UNINITIALIZED_AUTOS = YES_AGGRESSIVE;
				GCC_WARN_UNUSED_FUNCTION = YES;
				GCC_WARN_UNUSED_VARIABLE = YES;
				IPHONEOS_DEPLOYMENT_TARGET = 9.2;
				MTL_ENABLE_DEBUG_INFO = YES;
				ONLY_ACTIVE_ARCH = YES;
				SDKROOT = iphoneos;
				TARGETED_DEVICE_FAMILY = "1,2";
				VERSIONING_SYSTEM = "apple-generic";
				VERSION_INFO_PREFIX = "";
			};
			name = Debug;
		};
		DBC193EA1C43C57F00EEF60B /* Release */ = {
			isa = XCBuildConfiguration;
			buildSettings = {
				ALWAYS_SEARCH_USER_PATHS = NO;
				CLANG_CXX_LANGUAGE_STANDARD = "gnu++0x";
				CLANG_CXX_LIBRARY = "libc++";
				CLANG_ENABLE_MODULES = YES;
				CLANG_ENABLE_OBJC_ARC = YES;
				CLANG_WARN_BOOL_CONVERSION = YES;
				CLANG_WARN_CONSTANT_CONVERSION = YES;
				CLANG_WARN_DIRECT_OBJC_ISA_USAGE = YES_ERROR;
				CLANG_WARN_EMPTY_BODY = YES;
				CLANG_WARN_ENUM_CONVERSION = YES;
				CLANG_WARN_INT_CONVERSION = YES;
				CLANG_WARN_OBJC_ROOT_CLASS = YES_ERROR;
				CLANG_WARN_UNREACHABLE_CODE = YES;
				CLANG_WARN__DUPLICATE_METHOD_MATCH = YES;
				"CODE_SIGN_IDENTITY[sdk=iphoneos*]" = "iPhone Developer";
				COPY_PHASE_STRIP = NO;
				CURRENT_PROJECT_VERSION = 1;
				DEBUG_INFORMATION_FORMAT = "dwarf-with-dsym";
				ENABLE_NS_ASSERTIONS = NO;
				ENABLE_STRICT_OBJC_MSGSEND = YES;
				GCC_C_LANGUAGE_STANDARD = gnu99;
				GCC_NO_COMMON_BLOCKS = YES;
				GCC_WARN_64_TO_32_BIT_CONVERSION = YES;
				GCC_WARN_ABOUT_RETURN_TYPE = YES_ERROR;
				GCC_WARN_UNDECLARED_SELECTOR = YES;
				GCC_WARN_UNINITIALIZED_AUTOS = YES_AGGRESSIVE;
				GCC_WARN_UNUSED_FUNCTION = YES;
				GCC_WARN_UNUSED_VARIABLE = YES;
				IPHONEOS_DEPLOYMENT_TARGET = 9.2;
				MTL_ENABLE_DEBUG_INFO = NO;
				SDKROOT = iphoneos;
				TARGETED_DEVICE_FAMILY = "1,2";
				VALIDATE_PRODUCT = YES;
				VERSIONING_SYSTEM = "apple-generic";
				VERSION_INFO_PREFIX = "";
			};
			name = Release;
		};
		DBC193EC1C43C57F00EEF60B /* Debug */ = {
			isa = XCBuildConfiguration;
			buildSettings = {
				DEFINES_MODULE = YES;
				DYLIB_COMPATIBILITY_VERSION = 1;
				DYLIB_CURRENT_VERSION = 1;
				DYLIB_INSTALL_NAME_BASE = "@rpath";
				FRAMEWORK_SEARCH_PATHS = (
					"$(inherited)",
					"$(PROJECT_DIR)",
					"$(PROJECT_DIR)/ooVooUIKit",
				);
				INFOPLIST_FILE = ooVooUIKit/Info.plist;
				INSTALL_PATH = "$(LOCAL_LIBRARY_DIR)/Frameworks";
				LD_RUNPATH_SEARCH_PATHS = "$(inherited) @executable_path/Frameworks @loader_path/Frameworks";
				PRODUCT_BUNDLE_IDENTIFIER = com.codevalue.ooVooUIKit;
				PRODUCT_NAME = "$(TARGET_NAME)";
				SKIP_INSTALL = YES;
			};
			name = Debug;
		};
		DBC193ED1C43C57F00EEF60B /* Release */ = {
			isa = XCBuildConfiguration;
			buildSettings = {
				DEFINES_MODULE = YES;
				DYLIB_COMPATIBILITY_VERSION = 1;
				DYLIB_CURRENT_VERSION = 1;
				DYLIB_INSTALL_NAME_BASE = "@rpath";
				FRAMEWORK_SEARCH_PATHS = (
					"$(inherited)",
					"$(PROJECT_DIR)",
					"$(PROJECT_DIR)/ooVooUIKit",
				);
				INFOPLIST_FILE = ooVooUIKit/Info.plist;
				INSTALL_PATH = "$(LOCAL_LIBRARY_DIR)/Frameworks";
				LD_RUNPATH_SEARCH_PATHS = "$(inherited) @executable_path/Frameworks @loader_path/Frameworks";
				PRODUCT_BUNDLE_IDENTIFIER = com.codevalue.ooVooUIKit;
				PRODUCT_NAME = "$(TARGET_NAME)";
				SKIP_INSTALL = YES;
			};
			name = Release;
		};
/* End XCBuildConfiguration section */

/* Begin XCConfigurationList section */
		DBC193DD1C43C57F00EEF60B /* Build configuration list for PBXProject "ooVooUIKit" */ = {
			isa = XCConfigurationList;
			buildConfigurations = (
				DBC193E91C43C57F00EEF60B /* Debug */,
				DBC193EA1C43C57F00EEF60B /* Release */,
			);
			defaultConfigurationIsVisible = 0;
			defaultConfigurationName = Release;
		};
		DBC193EB1C43C57F00EEF60B /* Build configuration list for PBXNativeTarget "ooVooUIKit" */ = {
			isa = XCConfigurationList;
			buildConfigurations = (
				DBC193EC1C43C57F00EEF60B /* Debug */,
				DBC193ED1C43C57F00EEF60B /* Release */,
			);
			defaultConfigurationIsVisible = 0;
			defaultConfigurationName = Release;
		};
/* End XCConfigurationList section */
	};
	rootObject = DBC193DA1C43C57F00EEF60B /* Project object */;
}
